
Microsoft Visual Studio Solution File, Format Version 12.00
# Visual Studio Version 16
VisualStudioVersion = 16.0.30621.155
MinimumVisualStudioVersion = 10.0.40219.1
Project("{FAE04EC0-301F-11D3-BF4B-00C04F79EFBC}") = "WpfOxo", "WpfOxo\WpfOxo.csproj", "{AD916FBA-B9B7-424E-8CD6-C2DC43973648}"
EndProject
Project("{FAE04EC0-301F-11D3-BF4B-00C04F79EFBC}") = "WpfOpties", "WpfOpties\WpfOpties.csproj", "{523FBBA4-3553-473E-BF32-91FCD0B00282}"
EndProject
Project("{FAE04EC0-301F-11D3-BF4B-00C04F79EFBC}") = "WpfGebruikersnaam", "WpfGebruikersnaam\WpfGebruikersnaam\WpfGebruikersnaam.csproj", "{301F34AA-CDA3-4667-A599-7B49994805E1}"
EndProject
Project("{FAE04EC0-301F-11D3-BF4B-00C04F79EFBC}") = "WpfDatumKiezer", "WpfDatumKiezer\WpfDatumKiezer\WpfDatumKiezer.csproj", "{FE9EC1DF-5F96-4D14-9F1C-17FD419F58B0}"
EndProject
Global
	GlobalSection(SolutionConfigurationPlatforms) = preSolution
		Debug|Any CPU = Debug|Any CPU
		Release|Any CPU = Release|Any CPU
	EndGlobalSection
	GlobalSection(ProjectConfigurationPlatforms) = postSolution
		{AD916FBA-B9B7-424E-8CD6-C2DC43973648}.Debug|Any CPU.ActiveCfg = Debug|Any CPU
		{AD916FBA-B9B7-424E-8CD6-C2DC43973648}.Debug|Any CPU.Build.0 = Debug|Any CPU
		{AD916FBA-B9B7-424E-8CD6-C2DC43973648}.Release|Any CPU.ActiveCfg = Release|Any CPU
		{AD916FBA-B9B7-424E-8CD6-C2DC43973648}.Release|Any CPU.Build.0 = Release|Any CPU
		{523FBBA4-3553-473E-BF32-91FCD0B00282}.Debug|Any CPU.ActiveCfg = Debug|Any CPU
		{523FBBA4-3553-473E-BF32-91FCD0B00282}.Debug|Any CPU.Build.0 = Debug|Any CPU
		{523FBBA4-3553-473E-BF32-91FCD0B00282}.Release|Any CPU.ActiveCfg = Release|Any CPU
		{523FBBA4-3553-473E-BF32-91FCD0B00282}.Release|Any CPU.Build.0 = Release|Any CPU
		{301F34AA-CDA3-4667-A599-7B49994805E1}.Debug|Any CPU.ActiveCfg = Debug|Any CPU
		{301F34AA-CDA3-4667-A599-7B49994805E1}.Debug|Any CPU.Build.0 = Debug|Any CPU
		{301F34AA-CDA3-4667-A599-7B49994805E1}.Release|Any CPU.ActiveCfg = Release|Any CPU
		{301F34AA-CDA3-4667-A599-7B49994805E1}.Release|Any CPU.Build.0 = Release|Any CPU
		{FE9EC1DF-5F96-4D14-9F1C-17FD419F58B0}.Debug|Any CPU.ActiveCfg = Debug|Any CPU
		{FE9EC1DF-5F96-4D14-9F1C-17FD419F58B0}.Debug|Any CPU.Build.0 = Debug|Any CPU
		{FE9EC1DF-5F96-4D14-9F1C-17FD419F58B0}.Release|Any CPU.ActiveCfg = Release|Any CPU
		{FE9EC1DF-5F96-4D14-9F1C-17FD419F58B0}.Release|Any CPU.Build.0 = Release|Any CPU
	EndGlobalSection
	GlobalSection(SolutionProperties) = preSolution
		HideSolutionNode = FALSE
	EndGlobalSection
	GlobalSection(ExtensibilityGlobals) = postSolution
		SolutionGuid = {7E6B0E85-492E-4C66-A8ED-D6B9ADA0B288}
	EndGlobalSection
EndGlobal
