
Microsoft Visual Studio Solution File, Format Version 12.00
# Visual Studio Version 16
VisualStudioVersion = 16.0.30621.155
MinimumVisualStudioVersion = 10.0.40219.1
Project("{FAE04EC0-301F-11D3-BF4B-00C04F79EFBC}") = "ConsoleMusicPlayer", "ConsoleMusicPlayer\ConsoleMusicPlayer.csproj", "{4A847FB3-FD35-42A8-91BC-B58174812F14}"
EndProject
Global
	GlobalSection(SolutionConfigurationPlatforms) = preSolution
		Debug|Any CPU = Debug|Any CPU
		Release|Any CPU = Release|Any CPU
	EndGlobalSection
	GlobalSection(ProjectConfigurationPlatforms) = postSolution
		{4A847FB3-FD35-42A8-91BC-B58174812F14}.Debug|Any CPU.ActiveCfg = Debug|Any CPU
		{4A847FB3-FD35-42A8-91BC-B58174812F14}.Debug|Any CPU.Build.0 = Debug|Any CPU
		{4A847FB3-FD35-42A8-91BC-B58174812F14}.Release|Any CPU.ActiveCfg = Release|Any CPU
		{4A847FB3-FD35-42A8-91BC-B58174812F14}.Release|Any CPU.Build.0 = Release|Any CPU
	EndGlobalSection
	GlobalSection(SolutionProperties) = preSolution
		HideSolutionNode = FALSE
	EndGlobalSection
	GlobalSection(ExtensibilityGlobals) = postSolution
		SolutionGuid = {AD0FA5D7-95ED-4B80-9EF7-B8DAF06EA04A}
	EndGlobalSection
EndGlobal
