
Microsoft Visual Studio Solution File, Format Version 12.00
# Visual Studio Version 16
VisualStudioVersion = 16.0.29411.108
MinimumVisualStudioVersion = 10.0.40219.1
Project("{FAE04EC0-301F-11D3-BF4B-00C04F79EFBC}") = "ConsoleRaden", "ConsoleRaden\ConsoleRaden.csproj", "{96A11380-6A46-401B-90D4-284133A4B123}"
EndProject
Global
	GlobalSection(SolutionConfigurationPlatforms) = preSolution
		Debug|Any CPU = Debug|Any CPU
		Release|Any CPU = Release|Any CPU
	EndGlobalSection
	GlobalSection(ProjectConfigurationPlatforms) = postSolution
		{96A11380-6A46-401B-90D4-284133A4B123}.Debug|Any CPU.ActiveCfg = Debug|Any CPU
		{96A11380-6A46-401B-90D4-284133A4B123}.Debug|Any CPU.Build.0 = Debug|Any CPU
		{96A11380-6A46-401B-90D4-284133A4B123}.Release|Any CPU.ActiveCfg = Release|Any CPU
		{96A11380-6A46-401B-90D4-284133A4B123}.Release|Any CPU.Build.0 = Release|Any CPU
	EndGlobalSection
	GlobalSection(SolutionProperties) = preSolution
		HideSolutionNode = FALSE
	EndGlobalSection
	GlobalSection(ExtensibilityGlobals) = postSolution
		SolutionGuid = {EE9A2C05-76BE-4658-ACD5-2039EAB590AC}
	EndGlobalSection
EndGlobal
