
Microsoft Visual Studio Solution File, Format Version 12.00
# Visual Studio Version 16
VisualStudioVersion = 16.0.30621.155
MinimumVisualStudioVersion = 10.0.40219.1
Project("{FAE04EC0-301F-11D3-BF4B-00C04F79EFBC}") = "ConsoleFibonacci", "ConsoleFibonacci\ConsoleFibonacci.csproj", "{DC0FFDA5-8613-4207-8272-4C1509242AA6}"
EndProject
Global
	GlobalSection(SolutionConfigurationPlatforms) = preSolution
		Debug|Any CPU = Debug|Any CPU
		Release|Any CPU = Release|Any CPU
	EndGlobalSection
	GlobalSection(ProjectConfigurationPlatforms) = postSolution
		{DC0FFDA5-8613-4207-8272-4C1509242AA6}.Debug|Any CPU.ActiveCfg = Debug|Any CPU
		{DC0FFDA5-8613-4207-8272-4C1509242AA6}.Debug|Any CPU.Build.0 = Debug|Any CPU
		{DC0FFDA5-8613-4207-8272-4C1509242AA6}.Release|Any CPU.ActiveCfg = Release|Any CPU
		{DC0FFDA5-8613-4207-8272-4C1509242AA6}.Release|Any CPU.Build.0 = Release|Any CPU
	EndGlobalSection
	GlobalSection(SolutionProperties) = preSolution
		HideSolutionNode = FALSE
	EndGlobalSection
	GlobalSection(ExtensibilityGlobals) = postSolution
		SolutionGuid = {A2CB1F71-5CAD-49A2-875E-F417F65F0C7C}
	EndGlobalSection
EndGlobal
