
Microsoft Visual Studio Solution File, Format Version 12.00
# Visual Studio Version 16
VisualStudioVersion = 16.0.29411.108
MinimumVisualStudioVersion = 10.0.40219.1
Project("{FAE04EC0-301F-11D3-BF4B-00C04F79EFBC}") = "ConsoleLancering", "ConsoleLancering\ConsoleLancering.csproj", "{4C6F6D74-F114-4ED1-92F7-8451B347EBA8}"
EndProject
Global
	GlobalSection(SolutionConfigurationPlatforms) = preSolution
		Debug|Any CPU = Debug|Any CPU
		Release|Any CPU = Release|Any CPU
	EndGlobalSection
	GlobalSection(ProjectConfigurationPlatforms) = postSolution
		{4C6F6D74-F114-4ED1-92F7-8451B347EBA8}.Debug|Any CPU.ActiveCfg = Debug|Any CPU
		{4C6F6D74-F114-4ED1-92F7-8451B347EBA8}.Debug|Any CPU.Build.0 = Debug|Any CPU
		{4C6F6D74-F114-4ED1-92F7-8451B347EBA8}.Release|Any CPU.ActiveCfg = Release|Any CPU
		{4C6F6D74-F114-4ED1-92F7-8451B347EBA8}.Release|Any CPU.Build.0 = Release|Any CPU
	EndGlobalSection
	GlobalSection(SolutionProperties) = preSolution
		HideSolutionNode = FALSE
	EndGlobalSection
	GlobalSection(ExtensibilityGlobals) = postSolution
		SolutionGuid = {CF681BFF-176B-4696-95C0-ED0E574F17B7}
	EndGlobalSection
EndGlobal
